
Microsoft Visual Studio Solution File, Format Version 12.00
# Visual Studio Version 17
VisualStudioVersion = 17.8.34309.116
MinimumVisualStudioVersion = 10.0.40219.1
Project("{FAE04EC0-301F-11D3-BF4B-00C04F79EFBC}") = "LeetCodeAlgorithms", "LeetCodeAlgorithms\LeetCodeAlgorithms.csproj", "{9698A1DD-3F10-406C-A904-20B771496450}"
EndProject
Global
	GlobalSection(SolutionConfigurationPlatforms) = preSolution
		Debug|Any CPU = Debug|Any CPU
		Release|Any CPU = Release|Any CPU
	EndGlobalSection
	GlobalSection(ProjectConfigurationPlatforms) = postSolution
		{9698A1DD-3F10-406C-A904-20B771496450}.Debug|Any CPU.ActiveCfg = Debug|Any CPU
		{9698A1DD-3F10-406C-A904-20B771496450}.Debug|Any CPU.Build.0 = Debug|Any CPU
		{9698A1DD-3F10-406C-A904-20B771496450}.Release|Any CPU.ActiveCfg = Release|Any CPU
		{9698A1DD-3F10-406C-A904-20B771496450}.Release|Any CPU.Build.0 = Release|Any CPU
	EndGlobalSection
	GlobalSection(SolutionProperties) = preSolution
		HideSolutionNode = FALSE
	EndGlobalSection
	GlobalSection(ExtensibilityGlobals) = postSolution
		SolutionGuid = {0FC8B3F6-D942-4675-A415-F04A088BB65F}
	EndGlobalSection
EndGlobal
